Microsoft Visual Studio Solution File, Format Version 12.00
# Visual Studio Version 16
VisualStudioVersion = 16.0.31105.61
MinimumVisualStudioVersion = 10.0.40219.1
Project("{FAE04EC0-301F-11D3-BF4B-00C04F79EFBC}") = "IO.Swagger", "src\IO.Swagger\IO.Swagger.csproj", "{E06CD550-A73F-4939-8A2F-7E5D42516524}"
EndProject
Project("{FAE04EC0-301F-11D3-BF4B-00C04F79EFBC}") = "IO.Swagger.Test", "src\IO.Swagger.Test\IO.Swagger.Test.csproj", "{19F1DEBC-DE5E-4517-8062-F000CD499087}"
EndProject
Project("{9A19103F-16F7-4668-BE54-9A1E7A4F7556}") = "DealersAndVehicles", "DealersAndVehicles\DealersAndVehicles.csproj", "{25C58FA3-AFA9-4779-AA31-351801EAA5E5}"
EndProject
Project("{9A19103F-16F7-4668-BE54-9A1E7A4F7556}") = "DealersAndVechicles.Test", "DealersAndVechicles.Test\DealersAndVechicles.Test.csproj", "{F46DBC26-B036-41BC-BFA6-41F35CDF2F80}"
EndProject
Global
	GlobalSection(SolutionConfigurationPlatforms) = preSolution
		Debug|Any CPU = Debug|Any CPU
		Release|Any CPU = Release|Any CPU
	EndGlobalSection
	GlobalSection(ProjectConfigurationPlatforms) = postSolution
		{E06CD550-A73F-4939-8A2F-7E5D42516524}.Debug|Any CPU.ActiveCfg = Debug|Any CPU
		{E06CD550-A73F-4939-8A2F-7E5D42516524}.Debug|Any CPU.Build.0 = Debug|Any CPU
		{E06CD550-A73F-4939-8A2F-7E5D42516524}.Release|Any CPU.ActiveCfg = Release|Any CPU
		{E06CD550-A73F-4939-8A2F-7E5D42516524}.Release|Any CPU.Build.0 = Release|Any CPU
		{19F1DEBC-DE5E-4517-8062-F000CD499087}.Debug|Any CPU.ActiveCfg = Debug|Any CPU
		{19F1DEBC-DE5E-4517-8062-F000CD499087}.Debug|Any CPU.Build.0 = Debug|Any CPU
		{19F1DEBC-DE5E-4517-8062-F000CD499087}.Release|Any CPU.ActiveCfg = Release|Any CPU
		{19F1DEBC-DE5E-4517-8062-F000CD499087}.Release|Any CPU.Build.0 = Release|Any CPU
		{25C58FA3-AFA9-4779-AA31-351801EAA5E5}.Debug|Any CPU.ActiveCfg = Debug|Any CPU
		{25C58FA3-AFA9-4779-AA31-351801EAA5E5}.Debug|Any CPU.Build.0 = Debug|Any CPU
		{25C58FA3-AFA9-4779-AA31-351801EAA5E5}.Release|Any CPU.ActiveCfg = Release|Any CPU
		{25C58FA3-AFA9-4779-AA31-351801EAA5E5}.Release|Any CPU.Build.0 = Release|Any CPU
		{F46DBC26-B036-41BC-BFA6-41F35CDF2F80}.Debug|Any CPU.ActiveCfg = Debug|Any CPU
		{F46DBC26-B036-41BC-BFA6-41F35CDF2F80}.Debug|Any CPU.Build.0 = Debug|Any CPU
		{F46DBC26-B036-41BC-BFA6-41F35CDF2F80}.Release|Any CPU.ActiveCfg = Release|Any CPU
		{F46DBC26-B036-41BC-BFA6-41F35CDF2F80}.Release|Any CPU.Build.0 = Release|Any CPU
	EndGlobalSection
	GlobalSection(SolutionProperties) = preSolution
		HideSolutionNode = FALSE
	EndGlobalSection
	GlobalSection(ExtensibilityGlobals) = postSolution
		SolutionGuid = {AFE11580-1E19-46A8-B253-AF1A3A5FB15D}
	EndGlobalSection
EndGlobal
